
Microsoft Visual Studio Solution File, Format Version 12.00
# Visual Studio 15
VisualStudioVersion = 15.0.28010.2026
MinimumVisualStudioVersion = 10.0.40219.1
Project("{FAE04EC0-301F-11D3-BF4B-00C04F79EFBC}") = "SizingToolNew2", "SizingToolNew2\SizingToolNew2.csproj", "{F4870C78-F15F-40AA-8791-8D2AE3A96E7E}"
EndProject
Project("{FAE04EC0-301F-11D3-BF4B-00C04F79EFBC}") = "SizingToolNew2.Tests", "SizingToolNew2.Tests\SizingToolNew2.Tests.csproj", "{F184C2FA-FC1B-44D2-9956-50C394A9C497}"
EndProject
Global
	GlobalSection(SolutionConfigurationPlatforms) = preSolution
		Debug|Any CPU = Debug|Any CPU
		Release|Any CPU = Release|Any CPU
	EndGlobalSection
	GlobalSection(ProjectConfigurationPlatforms) = postSolution
		{F4870C78-F15F-40AA-8791-8D2AE3A96E7E}.Debug|Any CPU.ActiveCfg = Debug|Any CPU
		{F4870C78-F15F-40AA-8791-8D2AE3A96E7E}.Debug|Any CPU.Build.0 = Debug|Any CPU
		{F4870C78-F15F-40AA-8791-8D2AE3A96E7E}.Release|Any CPU.ActiveCfg = Release|Any CPU
		{F4870C78-F15F-40AA-8791-8D2AE3A96E7E}.Release|Any CPU.Build.0 = Release|Any CPU
		{F184C2FA-FC1B-44D2-9956-50C394A9C497}.Debug|Any CPU.ActiveCfg = Debug|Any CPU
		{F184C2FA-FC1B-44D2-9956-50C394A9C497}.Debug|Any CPU.Build.0 = Debug|Any CPU
		{F184C2FA-FC1B-44D2-9956-50C394A9C497}.Release|Any CPU.ActiveCfg = Release|Any CPU
		{F184C2FA-FC1B-44D2-9956-50C394A9C497}.Release|Any CPU.Build.0 = Release|Any CPU
	EndGlobalSection
	GlobalSection(SolutionProperties) = preSolution
		HideSolutionNode = FALSE
	EndGlobalSection
	GlobalSection(ExtensibilityGlobals) = postSolution
		SolutionGuid = {3B07286F-63D6-48DD-B12B-C07F2879D760}
	EndGlobalSection
EndGlobal
